
Microsoft Visual Studio Solution File, Format Version 12.00
# Visual Studio Version 16
VisualStudioVersion = 16.0.31005.135
MinimumVisualStudioVersion = 10.0.40219.1
Project("{2150E333-8FDC-42A3-9474-1A3956D46DE8}") = "Client", "Client", "{D1667984-4DE5-474D-AD88-35FFD5D45AB6}"
EndProject
Project("{2150E333-8FDC-42A3-9474-1A3956D46DE8}") = "Core", "Core", "{DFD5A4E3-4F16-4C52-8876-1FEE0B8CDB39}"
EndProject
Project("{2150E333-8FDC-42A3-9474-1A3956D46DE8}") = "Presentation", "Presentation", "{ABC8DEB7-B4DD-40AE-912B-D1B3FA424800}"
EndProject
Project("{2150E333-8FDC-42A3-9474-1A3956D46DE8}") = "Angular", "Angular", "{7F255072-9A06-4995-B8B4-6A97CA12FD76}"
EndProject
Project("{2150E333-8FDC-42A3-9474-1A3956D46DE8}") = "React", "React", "{8DB71FCA-5945-4AD3-A6CA-A35627C79ACD}"
EndProject
Project("{2150E333-8FDC-42A3-9474-1A3956D46DE8}") = "MobileApplication", "MobileApplication", "{14FF2B58-FD03-4CA6-B0EC-7F584328CE88}"
EndProject
Project("{9A19103F-16F7-4668-BE54-9A1E7A4F7556}") = "SMA.ApplicationServices", "SMA.ApplicationServices\SMA.ApplicationServices.csproj", "{860C2AA9-AE52-41D4-A02C-FC32F6A4C769}"
EndProject
Project("{9A19103F-16F7-4668-BE54-9A1E7A4F7556}") = "SMA.Data", "SMA.Data\SMA.Data.csproj", "{E6006D8B-8305-428B-919C-86DA59E0E156}"
EndProject
Project("{9A19103F-16F7-4668-BE54-9A1E7A4F7556}") = "SMA.WebApiServices", "SMA.WebApiServices\SMA.WebApiServices.csproj", "{17102DC9-BE08-4203-83BB-2E09B259C250}"
EndProject
Project("{2150E333-8FDC-42A3-9474-1A3956D46DE8}") = "Libraries", "Libraries", "{46DBCD23-78A9-4D3A-9920-1CD06EE2CD5A}"
EndProject
Project("{9A19103F-16F7-4668-BE54-9A1E7A4F7556}") = "SMA.Utils", "SMA.Utilities\SMA.Utils.csproj", "{F1E86711-1307-4D0B-955A-03C2AF793108}"
EndProject
Global
	GlobalSection(SolutionConfigurationPlatforms) = preSolution
		Debug|Any CPU = Debug|Any CPU
		Debug|x64 = Debug|x64
		Debug|x86 = Debug|x86
		Release|Any CPU = Release|Any CPU
		Release|x64 = Release|x64
		Release|x86 = Release|x86
	EndGlobalSection
	GlobalSection(ProjectConfigurationPlatforms) = postSolution
		{860C2AA9-AE52-41D4-A02C-FC32F6A4C769}.Debug|Any CPU.ActiveCfg = Debug|Any CPU
		{860C2AA9-AE52-41D4-A02C-FC32F6A4C769}.Debug|Any CPU.Build.0 = Debug|Any CPU
		{860C2AA9-AE52-41D4-A02C-FC32F6A4C769}.Debug|x64.ActiveCfg = Debug|x64
		{860C2AA9-AE52-41D4-A02C-FC32F6A4C769}.Debug|x64.Build.0 = Debug|x64
		{860C2AA9-AE52-41D4-A02C-FC32F6A4C769}.Debug|x86.ActiveCfg = Debug|x86
		{860C2AA9-AE52-41D4-A02C-FC32F6A4C769}.Debug|x86.Build.0 = Debug|x86
		{860C2AA9-AE52-41D4-A02C-FC32F6A4C769}.Release|Any CPU.ActiveCfg = Release|Any CPU
		{860C2AA9-AE52-41D4-A02C-FC32F6A4C769}.Release|Any CPU.Build.0 = Release|Any CPU
		{860C2AA9-AE52-41D4-A02C-FC32F6A4C769}.Release|x64.ActiveCfg = Release|x64
		{860C2AA9-AE52-41D4-A02C-FC32F6A4C769}.Release|x64.Build.0 = Release|x64
		{860C2AA9-AE52-41D4-A02C-FC32F6A4C769}.Release|x86.ActiveCfg = Release|x86
		{860C2AA9-AE52-41D4-A02C-FC32F6A4C769}.Release|x86.Build.0 = Release|x86
		{E6006D8B-8305-428B-919C-86DA59E0E156}.Debug|Any CPU.ActiveCfg = Debug|Any CPU
		{E6006D8B-8305-428B-919C-86DA59E0E156}.Debug|Any CPU.Build.0 = Debug|Any CPU
		{E6006D8B-8305-428B-919C-86DA59E0E156}.Debug|x64.ActiveCfg = Debug|x64
		{E6006D8B-8305-428B-919C-86DA59E0E156}.Debug|x64.Build.0 = Debug|x64
		{E6006D8B-8305-428B-919C-86DA59E0E156}.Debug|x86.ActiveCfg = Debug|x86
		{E6006D8B-8305-428B-919C-86DA59E0E156}.Debug|x86.Build.0 = Debug|x86
		{E6006D8B-8305-428B-919C-86DA59E0E156}.Release|Any CPU.ActiveCfg = Release|Any CPU
		{E6006D8B-8305-428B-919C-86DA59E0E156}.Release|Any CPU.Build.0 = Release|Any CPU
		{E6006D8B-8305-428B-919C-86DA59E0E156}.Release|x64.ActiveCfg = Release|x64
		{E6006D8B-8305-428B-919C-86DA59E0E156}.Release|x64.Build.0 = Release|x64
		{E6006D8B-8305-428B-919C-86DA59E0E156}.Release|x86.ActiveCfg = Release|x86
		{E6006D8B-8305-428B-919C-86DA59E0E156}.Release|x86.Build.0 = Release|x86
		{17102DC9-BE08-4203-83BB-2E09B259C250}.Debug|Any CPU.ActiveCfg = Debug|Any CPU
		{17102DC9-BE08-4203-83BB-2E09B259C250}.Debug|Any CPU.Build.0 = Debug|Any CPU
		{17102DC9-BE08-4203-83BB-2E09B259C250}.Debug|x64.ActiveCfg = Debug|x64
		{17102DC9-BE08-4203-83BB-2E09B259C250}.Debug|x64.Build.0 = Debug|x64
		{17102DC9-BE08-4203-83BB-2E09B259C250}.Debug|x86.ActiveCfg = Debug|x86
		{17102DC9-BE08-4203-83BB-2E09B259C250}.Debug|x86.Build.0 = Debug|x86
		{17102DC9-BE08-4203-83BB-2E09B259C250}.Release|Any CPU.ActiveCfg = Release|Any CPU
		{17102DC9-BE08-4203-83BB-2E09B259C250}.Release|Any CPU.Build.0 = Release|Any CPU
		{17102DC9-BE08-4203-83BB-2E09B259C250}.Release|x64.ActiveCfg = Release|x64
		{17102DC9-BE08-4203-83BB-2E09B259C250}.Release|x64.Build.0 = Release|x64
		{17102DC9-BE08-4203-83BB-2E09B259C250}.Release|x86.ActiveCfg = Release|x86
		{17102DC9-BE08-4203-83BB-2E09B259C250}.Release|x86.Build.0 = Release|x86
		{F1E86711-1307-4D0B-955A-03C2AF793108}.Debug|Any CPU.ActiveCfg = Debug|Any CPU
		{F1E86711-1307-4D0B-955A-03C2AF793108}.Debug|Any CPU.Build.0 = Debug|Any CPU
		{F1E86711-1307-4D0B-955A-03C2AF793108}.Debug|x64.ActiveCfg = Debug|Any CPU
		{F1E86711-1307-4D0B-955A-03C2AF793108}.Debug|x64.Build.0 = Debug|Any CPU
		{F1E86711-1307-4D0B-955A-03C2AF793108}.Debug|x86.ActiveCfg = Debug|Any CPU
		{F1E86711-1307-4D0B-955A-03C2AF793108}.Debug|x86.Build.0 = Debug|Any CPU
		{F1E86711-1307-4D0B-955A-03C2AF793108}.Release|Any CPU.ActiveCfg = Release|Any CPU
		{F1E86711-1307-4D0B-955A-03C2AF793108}.Release|Any CPU.Build.0 = Release|Any CPU
		{F1E86711-1307-4D0B-955A-03C2AF793108}.Release|x64.ActiveCfg = Release|Any CPU
		{F1E86711-1307-4D0B-955A-03C2AF793108}.Release|x64.Build.0 = Release|Any CPU
		{F1E86711-1307-4D0B-955A-03C2AF793108}.Release|x86.ActiveCfg = Release|Any CPU
		{F1E86711-1307-4D0B-955A-03C2AF793108}.Release|x86.Build.0 = Release|Any CPU
	EndGlobalSection
	GlobalSection(SolutionProperties) = preSolution
		HideSolutionNode = FALSE
	EndGlobalSection
	GlobalSection(NestedProjects) = preSolution
		{7F255072-9A06-4995-B8B4-6A97CA12FD76} = {D1667984-4DE5-474D-AD88-35FFD5D45AB6}
		{8DB71FCA-5945-4AD3-A6CA-A35627C79ACD} = {D1667984-4DE5-474D-AD88-35FFD5D45AB6}
		{14FF2B58-FD03-4CA6-B0EC-7F584328CE88} = {D1667984-4DE5-474D-AD88-35FFD5D45AB6}
		{860C2AA9-AE52-41D4-A02C-FC32F6A4C769} = {DFD5A4E3-4F16-4C52-8876-1FEE0B8CDB39}
		{E6006D8B-8305-428B-919C-86DA59E0E156} = {DFD5A4E3-4F16-4C52-8876-1FEE0B8CDB39}
		{17102DC9-BE08-4203-83BB-2E09B259C250} = {ABC8DEB7-B4DD-40AE-912B-D1B3FA424800}
		{F1E86711-1307-4D0B-955A-03C2AF793108} = {46DBCD23-78A9-4D3A-9920-1CD06EE2CD5A}
	EndGlobalSection
	GlobalSection(ExtensibilityGlobals) = postSolution
		SolutionGuid = {F3CFC1C1-727C-4A21-83A1-2CA6AF6A970B}
	EndGlobalSection
EndGlobal
