
Microsoft Visual Studio Solution File, Format Version 12.00
# Visual Studio Version 16
VisualStudioVersion = 16.0.31005.135
MinimumVisualStudioVersion = 10.0.40219.1
Project("{2150E333-8FDC-42A3-9474-1A3956D46DE8}") = "Client", "Client", "{D1667984-4DE5-474D-AD88-35FFD5D45AB6}"
EndProject
Project("{2150E333-8FDC-42A3-9474-1A3956D46DE8}") = "Core", "Core", "{DFD5A4E3-4F16-4C52-8876-1FEE0B8CDB39}"
EndProject
Project("{2150E333-8FDC-42A3-9474-1A3956D46DE8}") = "Presentation", "Presentation", "{ABC8DEB7-B4DD-40AE-912B-D1B3FA424800}"
EndProject
Project("{2150E333-8FDC-42A3-9474-1A3956D46DE8}") = "Angular", "Angular", "{7F255072-9A06-4995-B8B4-6A97CA12FD76}"
EndProject
Project("{2150E333-8FDC-42A3-9474-1A3956D46DE8}") = "React", "React", "{8DB71FCA-5945-4AD3-A6CA-A35627C79ACD}"
EndProject
Project("{2150E333-8FDC-42A3-9474-1A3956D46DE8}") = "MobileApplication", "MobileApplication", "{14FF2B58-FD03-4CA6-B0EC-7F584328CE88}"
EndProject
Project("{FAE04EC0-301F-11D3-BF4B-00C04F79EFBC}") = "SMA.ApplicationServices", "SMA.ApplicationServices\SMA.ApplicationServices.csproj", "{860C2AA9-AE52-41D4-A02C-FC32F6A4C769}"
EndProject
Project("{FAE04EC0-301F-11D3-BF4B-00C04F79EFBC}") = "SMA.Data", "SMA.Data\SMA.Data.csproj", "{E6006D8B-8305-428B-919C-86DA59E0E156}"
EndProject
Project("{FAE04EC0-301F-11D3-BF4B-00C04F79EFBC}") = "SMA.WebApiServices", "SMA.WebApiServices\SMA.WebApiServices.csproj", "{17102DC9-BE08-4203-83BB-2E09B259C250}"
EndProject
Project("{FAE04EC0-301F-11D3-BF4B-00C04F79EFBC}") = "SMA.Angular", "SMA.Angular\SMA.Angular.csproj", "{A7D684D0-5BE8-4862-8818-77FD05DD5147}"
EndProject
Project("{FAE04EC0-301F-11D3-BF4B-00C04F79EFBC}") = "SMA.React", "SMA.React\SMA.React.csproj", "{9C87D1D9-B3D8-4FF2-A458-61FBB23DB00A}"
EndProject
Global
	GlobalSection(SolutionConfigurationPlatforms) = preSolution
		Debug|Any CPU = Debug|Any CPU
		Release|Any CPU = Release|Any CPU
	EndGlobalSection
	GlobalSection(ProjectConfigurationPlatforms) = postSolution
		{860C2AA9-AE52-41D4-A02C-FC32F6A4C769}.Debug|Any CPU.ActiveCfg = Debug|Any CPU
		{860C2AA9-AE52-41D4-A02C-FC32F6A4C769}.Debug|Any CPU.Build.0 = Debug|Any CPU
		{860C2AA9-AE52-41D4-A02C-FC32F6A4C769}.Release|Any CPU.ActiveCfg = Release|Any CPU
		{860C2AA9-AE52-41D4-A02C-FC32F6A4C769}.Release|Any CPU.Build.0 = Release|Any CPU
		{E6006D8B-8305-428B-919C-86DA59E0E156}.Debug|Any CPU.ActiveCfg = Debug|Any CPU
		{E6006D8B-8305-428B-919C-86DA59E0E156}.Debug|Any CPU.Build.0 = Debug|Any CPU
		{E6006D8B-8305-428B-919C-86DA59E0E156}.Release|Any CPU.ActiveCfg = Release|Any CPU
		{E6006D8B-8305-428B-919C-86DA59E0E156}.Release|Any CPU.Build.0 = Release|Any CPU
		{17102DC9-BE08-4203-83BB-2E09B259C250}.Debug|Any CPU.ActiveCfg = Debug|Any CPU
		{17102DC9-BE08-4203-83BB-2E09B259C250}.Debug|Any CPU.Build.0 = Debug|Any CPU
		{17102DC9-BE08-4203-83BB-2E09B259C250}.Release|Any CPU.ActiveCfg = Release|Any CPU
		{17102DC9-BE08-4203-83BB-2E09B259C250}.Release|Any CPU.Build.0 = Release|Any CPU
		{A7D684D0-5BE8-4862-8818-77FD05DD5147}.Debug|Any CPU.ActiveCfg = Debug|Any CPU
		{A7D684D0-5BE8-4862-8818-77FD05DD5147}.Debug|Any CPU.Build.0 = Debug|Any CPU
		{A7D684D0-5BE8-4862-8818-77FD05DD5147}.Release|Any CPU.ActiveCfg = Release|Any CPU
		{A7D684D0-5BE8-4862-8818-77FD05DD5147}.Release|Any CPU.Build.0 = Release|Any CPU
		{9C87D1D9-B3D8-4FF2-A458-61FBB23DB00A}.Debug|Any CPU.ActiveCfg = Debug|Any CPU
		{9C87D1D9-B3D8-4FF2-A458-61FBB23DB00A}.Debug|Any CPU.Build.0 = Debug|Any CPU
		{9C87D1D9-B3D8-4FF2-A458-61FBB23DB00A}.Release|Any CPU.ActiveCfg = Release|Any CPU
		{9C87D1D9-B3D8-4FF2-A458-61FBB23DB00A}.Release|Any CPU.Build.0 = Release|Any CPU
	EndGlobalSection
	GlobalSection(SolutionProperties) = preSolution
		HideSolutionNode = FALSE
	EndGlobalSection
	GlobalSection(NestedProjects) = preSolution
		{7F255072-9A06-4995-B8B4-6A97CA12FD76} = {D1667984-4DE5-474D-AD88-35FFD5D45AB6}
		{8DB71FCA-5945-4AD3-A6CA-A35627C79ACD} = {D1667984-4DE5-474D-AD88-35FFD5D45AB6}
		{14FF2B58-FD03-4CA6-B0EC-7F584328CE88} = {D1667984-4DE5-474D-AD88-35FFD5D45AB6}
		{860C2AA9-AE52-41D4-A02C-FC32F6A4C769} = {DFD5A4E3-4F16-4C52-8876-1FEE0B8CDB39}
		{E6006D8B-8305-428B-919C-86DA59E0E156} = {DFD5A4E3-4F16-4C52-8876-1FEE0B8CDB39}
		{17102DC9-BE08-4203-83BB-2E09B259C250} = {ABC8DEB7-B4DD-40AE-912B-D1B3FA424800}
		{A7D684D0-5BE8-4862-8818-77FD05DD5147} = {7F255072-9A06-4995-B8B4-6A97CA12FD76}
		{9C87D1D9-B3D8-4FF2-A458-61FBB23DB00A} = {8DB71FCA-5945-4AD3-A6CA-A35627C79ACD}
	EndGlobalSection
	GlobalSection(ExtensibilityGlobals) = postSolution
		SolutionGuid = {F3CFC1C1-727C-4A21-83A1-2CA6AF6A970B}
	EndGlobalSection
EndGlobal
