
Microsoft Visual Studio Solution File, Format Version 12.00
# Visual Studio Version 16
VisualStudioVersion = 16.0.810.0
MinimumVisualStudioVersion = 10.0.40219.1
Project("{FAE04EC0-301F-11D3-BF4B-00C04F79EFBC}") = "SMA.React", "SMA.React.csproj", "{53072ADE-E805-4A28-970E-501F35AF82F3}"
EndProject
Global
	GlobalSection(SolutionConfigurationPlatforms) = preSolution
		Debug|Any CPU = Debug|Any CPU
		Release|Any CPU = Release|Any CPU
	EndGlobalSection
	GlobalSection(ProjectConfigurationPlatforms) = postSolution
		{53072ADE-E805-4A28-970E-501F35AF82F3}.Debug|Any CPU.ActiveCfg = Debug|Any CPU
		{53072ADE-E805-4A28-970E-501F35AF82F3}.Debug|Any CPU.Build.0 = Debug|Any CPU
		{53072ADE-E805-4A28-970E-501F35AF82F3}.Release|Any CPU.ActiveCfg = Release|Any CPU
		{53072ADE-E805-4A28-970E-501F35AF82F3}.Release|Any CPU.Build.0 = Release|Any CPU
	EndGlobalSection
	GlobalSection(SolutionProperties) = preSolution
		HideSolutionNode = FALSE
	EndGlobalSection
	GlobalSection(ExtensibilityGlobals) = postSolution
		SolutionGuid = {BBC1065C-5DF1-4564-A45A-D4557D96575D}
	EndGlobalSection
EndGlobal
