
Microsoft Visual Studio Solution File, Format Version 12.00
# Visual Studio Version 16
VisualStudioVersion = 16.0.31005.135
MinimumVisualStudioVersion = 10.0.40219.1
Project("{2150E333-8FDC-42A3-9474-1A3956D46DE8}") = "Client", "Client", "{D1667984-4DE5-474D-AD88-35FFD5D45AB6}"
EndProject
Project("{2150E333-8FDC-42A3-9474-1A3956D46DE8}") = "Presentation", "Presentation", "{ABC8DEB7-B4DD-40AE-912B-D1B3FA424800}"
EndProject
Project("{2150E333-8FDC-42A3-9474-1A3956D46DE8}") = "Tests", "Tests", "{C8A062FB-674A-4413-BEC2-D96D8095C932}"
EndProject
Project("{9A19103F-16F7-4668-BE54-9A1E7A4F7556}") = "SMA.WebApiServices", "Presentation\SMA.WebApiServices\SMA.WebApiServices.csproj", "{25722B99-E6E5-4E06-B3CC-747DCE30EFAB}"
EndProject
Project("{2150E333-8FDC-42A3-9474-1A3956D46DE8}") = "Core", "Core", "{F8061ED0-149B-4C34-831D-FE28C47C2B52}"
EndProject
Project("{9A19103F-16F7-4668-BE54-9A1E7A4F7556}") = "SMA.Data", "Core\SMA.Data\SMA.Data.csproj", "{40499B51-556E-46A9-8784-163729D7BCC0}"
EndProject
Project("{9A19103F-16F7-4668-BE54-9A1E7A4F7556}") = "SMA.ApplicationServices", "Core\SMA.ApplicationServices\SMA.ApplicationServices.csproj", "{CFADF832-D221-4EA1-BE62-600401F3270F}"
EndProject
Project("{2150E333-8FDC-42A3-9474-1A3956D46DE8}") = "Mobile", "Mobile", "{8983AD33-DDC5-4656-B1F4-CBB927381197}"
EndProject
Project("{2150E333-8FDC-42A3-9474-1A3956D46DE8}") = "Web", "Web", "{A781CF8F-4F29-4EFD-A07D-D7E4C0DF1FAA}"
EndProject
Project("{FAE04EC0-301F-11D3-BF4B-00C04F79EFBC}") = "SMA.ReactNative", "Client\Mobile\SMA.ReactNative\SMA.ReactNative.csproj", "{9A960109-44E3-43F4-899F-ACD446977518}"
EndProject
Project("{FAE04EC0-301F-11D3-BF4B-00C04F79EFBC}") = "SMA.Flutter", "Client\Mobile\SMA.Flutter\SMA.Flutter.csproj", "{775D7441-C834-4BB1-B852-6A9F48FE547B}"
EndProject
Project("{FAE04EC0-301F-11D3-BF4B-00C04F79EFBC}") = "SMA.Angular", "Client\Web\SMA.Angular\SMA.Angular.csproj", "{15B92122-DC51-41F9-8117-44511E9C9C38}"
EndProject
Project("{FAE04EC0-301F-11D3-BF4B-00C04F79EFBC}") = "SMA.MVC", "Client\Web\SMA.MVC\SMA.MVC.csproj", "{5C526909-D6AF-41C2-AC45-1570218EAE08}"
EndProject
Project("{FAE04EC0-301F-11D3-BF4B-00C04F79EFBC}") = "SMA.React", "Client\Web\SMA.React\SMA.React.csproj", "{0B863DCB-5F36-42FE-BA7C-98070D46B8CA}"
EndProject
Global
	GlobalSection(SolutionConfigurationPlatforms) = preSolution
		Debug|Any CPU = Debug|Any CPU
		Debug|arm64 = Debug|arm64
		Debug|x64 = Debug|x64
		Debug|x86 = Debug|x86
		Release|Any CPU = Release|Any CPU
		Release|arm64 = Release|arm64
		Release|x64 = Release|x64
		Release|x86 = Release|x86
	EndGlobalSection
	GlobalSection(ProjectConfigurationPlatforms) = postSolution
		{25722B99-E6E5-4E06-B3CC-747DCE30EFAB}.Debug|Any CPU.ActiveCfg = Debug|Any CPU
		{25722B99-E6E5-4E06-B3CC-747DCE30EFAB}.Debug|Any CPU.Build.0 = Debug|Any CPU
		{25722B99-E6E5-4E06-B3CC-747DCE30EFAB}.Debug|arm64.ActiveCfg = Debug|Any CPU
		{25722B99-E6E5-4E06-B3CC-747DCE30EFAB}.Debug|arm64.Build.0 = Debug|Any CPU
		{25722B99-E6E5-4E06-B3CC-747DCE30EFAB}.Debug|x64.ActiveCfg = Debug|Any CPU
		{25722B99-E6E5-4E06-B3CC-747DCE30EFAB}.Debug|x64.Build.0 = Debug|Any CPU
		{25722B99-E6E5-4E06-B3CC-747DCE30EFAB}.Debug|x86.ActiveCfg = Debug|Any CPU
		{25722B99-E6E5-4E06-B3CC-747DCE30EFAB}.Debug|x86.Build.0 = Debug|Any CPU
		{25722B99-E6E5-4E06-B3CC-747DCE30EFAB}.Release|Any CPU.ActiveCfg = Release|Any CPU
		{25722B99-E6E5-4E06-B3CC-747DCE30EFAB}.Release|Any CPU.Build.0 = Release|Any CPU
		{25722B99-E6E5-4E06-B3CC-747DCE30EFAB}.Release|arm64.ActiveCfg = Release|Any CPU
		{25722B99-E6E5-4E06-B3CC-747DCE30EFAB}.Release|arm64.Build.0 = Release|Any CPU
		{25722B99-E6E5-4E06-B3CC-747DCE30EFAB}.Release|x64.ActiveCfg = Release|Any CPU
		{25722B99-E6E5-4E06-B3CC-747DCE30EFAB}.Release|x64.Build.0 = Release|Any CPU
		{25722B99-E6E5-4E06-B3CC-747DCE30EFAB}.Release|x86.ActiveCfg = Release|Any CPU
		{25722B99-E6E5-4E06-B3CC-747DCE30EFAB}.Release|x86.Build.0 = Release|Any CPU
		{40499B51-556E-46A9-8784-163729D7BCC0}.Debug|Any CPU.ActiveCfg = Debug|Any CPU
		{40499B51-556E-46A9-8784-163729D7BCC0}.Debug|Any CPU.Build.0 = Debug|Any CPU
		{40499B51-556E-46A9-8784-163729D7BCC0}.Debug|arm64.ActiveCfg = Debug|arm64
		{40499B51-556E-46A9-8784-163729D7BCC0}.Debug|arm64.Build.0 = Debug|arm64
		{40499B51-556E-46A9-8784-163729D7BCC0}.Debug|x64.ActiveCfg = Debug|x64
		{40499B51-556E-46A9-8784-163729D7BCC0}.Debug|x64.Build.0 = Debug|x64
		{40499B51-556E-46A9-8784-163729D7BCC0}.Debug|x86.ActiveCfg = Debug|x86
		{40499B51-556E-46A9-8784-163729D7BCC0}.Debug|x86.Build.0 = Debug|x86
		{40499B51-556E-46A9-8784-163729D7BCC0}.Release|Any CPU.ActiveCfg = Release|Any CPU
		{40499B51-556E-46A9-8784-163729D7BCC0}.Release|Any CPU.Build.0 = Release|Any CPU
		{40499B51-556E-46A9-8784-163729D7BCC0}.Release|arm64.ActiveCfg = Release|arm64
		{40499B51-556E-46A9-8784-163729D7BCC0}.Release|arm64.Build.0 = Release|arm64
		{40499B51-556E-46A9-8784-163729D7BCC0}.Release|x64.ActiveCfg = Release|x64
		{40499B51-556E-46A9-8784-163729D7BCC0}.Release|x64.Build.0 = Release|x64
		{40499B51-556E-46A9-8784-163729D7BCC0}.Release|x86.ActiveCfg = Release|x86
		{40499B51-556E-46A9-8784-163729D7BCC0}.Release|x86.Build.0 = Release|x86
		{CFADF832-D221-4EA1-BE62-600401F3270F}.Debug|Any CPU.ActiveCfg = Debug|Any CPU
		{CFADF832-D221-4EA1-BE62-600401F3270F}.Debug|Any CPU.Build.0 = Debug|Any CPU
		{CFADF832-D221-4EA1-BE62-600401F3270F}.Debug|arm64.ActiveCfg = Debug|arm64
		{CFADF832-D221-4EA1-BE62-600401F3270F}.Debug|arm64.Build.0 = Debug|arm64
		{CFADF832-D221-4EA1-BE62-600401F3270F}.Debug|x64.ActiveCfg = Debug|x64
		{CFADF832-D221-4EA1-BE62-600401F3270F}.Debug|x64.Build.0 = Debug|x64
		{CFADF832-D221-4EA1-BE62-600401F3270F}.Debug|x86.ActiveCfg = Debug|x86
		{CFADF832-D221-4EA1-BE62-600401F3270F}.Debug|x86.Build.0 = Debug|x86
		{CFADF832-D221-4EA1-BE62-600401F3270F}.Release|Any CPU.ActiveCfg = Release|Any CPU
		{CFADF832-D221-4EA1-BE62-600401F3270F}.Release|Any CPU.Build.0 = Release|Any CPU
		{CFADF832-D221-4EA1-BE62-600401F3270F}.Release|arm64.ActiveCfg = Release|arm64
		{CFADF832-D221-4EA1-BE62-600401F3270F}.Release|arm64.Build.0 = Release|arm64
		{CFADF832-D221-4EA1-BE62-600401F3270F}.Release|x64.ActiveCfg = Release|x64
		{CFADF832-D221-4EA1-BE62-600401F3270F}.Release|x64.Build.0 = Release|x64
		{CFADF832-D221-4EA1-BE62-600401F3270F}.Release|x86.ActiveCfg = Release|x86
		{CFADF832-D221-4EA1-BE62-600401F3270F}.Release|x86.Build.0 = Release|x86
		{9A960109-44E3-43F4-899F-ACD446977518}.Debug|Any CPU.ActiveCfg = Debug|Any CPU
		{9A960109-44E3-43F4-899F-ACD446977518}.Debug|Any CPU.Build.0 = Debug|Any CPU
		{9A960109-44E3-43F4-899F-ACD446977518}.Debug|arm64.ActiveCfg = Debug|Any CPU
		{9A960109-44E3-43F4-899F-ACD446977518}.Debug|arm64.Build.0 = Debug|Any CPU
		{9A960109-44E3-43F4-899F-ACD446977518}.Debug|x64.ActiveCfg = Debug|Any CPU
		{9A960109-44E3-43F4-899F-ACD446977518}.Debug|x64.Build.0 = Debug|Any CPU
		{9A960109-44E3-43F4-899F-ACD446977518}.Debug|x86.ActiveCfg = Debug|Any CPU
		{9A960109-44E3-43F4-899F-ACD446977518}.Debug|x86.Build.0 = Debug|Any CPU
		{9A960109-44E3-43F4-899F-ACD446977518}.Release|Any CPU.ActiveCfg = Release|Any CPU
		{9A960109-44E3-43F4-899F-ACD446977518}.Release|Any CPU.Build.0 = Release|Any CPU
		{9A960109-44E3-43F4-899F-ACD446977518}.Release|arm64.ActiveCfg = Release|Any CPU
		{9A960109-44E3-43F4-899F-ACD446977518}.Release|arm64.Build.0 = Release|Any CPU
		{9A960109-44E3-43F4-899F-ACD446977518}.Release|x64.ActiveCfg = Release|Any CPU
		{9A960109-44E3-43F4-899F-ACD446977518}.Release|x64.Build.0 = Release|Any CPU
		{9A960109-44E3-43F4-899F-ACD446977518}.Release|x86.ActiveCfg = Release|Any CPU
		{9A960109-44E3-43F4-899F-ACD446977518}.Release|x86.Build.0 = Release|Any CPU
		{775D7441-C834-4BB1-B852-6A9F48FE547B}.Debug|Any CPU.ActiveCfg = Debug|Any CPU
		{775D7441-C834-4BB1-B852-6A9F48FE547B}.Debug|Any CPU.Build.0 = Debug|Any CPU
		{775D7441-C834-4BB1-B852-6A9F48FE547B}.Debug|arm64.ActiveCfg = Debug|Any CPU
		{775D7441-C834-4BB1-B852-6A9F48FE547B}.Debug|arm64.Build.0 = Debug|Any CPU
		{775D7441-C834-4BB1-B852-6A9F48FE547B}.Debug|x64.ActiveCfg = Debug|Any CPU
		{775D7441-C834-4BB1-B852-6A9F48FE547B}.Debug|x64.Build.0 = Debug|Any CPU
		{775D7441-C834-4BB1-B852-6A9F48FE547B}.Debug|x86.ActiveCfg = Debug|Any CPU
		{775D7441-C834-4BB1-B852-6A9F48FE547B}.Debug|x86.Build.0 = Debug|Any CPU
		{775D7441-C834-4BB1-B852-6A9F48FE547B}.Release|Any CPU.ActiveCfg = Release|Any CPU
		{775D7441-C834-4BB1-B852-6A9F48FE547B}.Release|Any CPU.Build.0 = Release|Any CPU
		{775D7441-C834-4BB1-B852-6A9F48FE547B}.Release|arm64.ActiveCfg = Release|Any CPU
		{775D7441-C834-4BB1-B852-6A9F48FE547B}.Release|arm64.Build.0 = Release|Any CPU
		{775D7441-C834-4BB1-B852-6A9F48FE547B}.Release|x64.ActiveCfg = Release|Any CPU
		{775D7441-C834-4BB1-B852-6A9F48FE547B}.Release|x64.Build.0 = Release|Any CPU
		{775D7441-C834-4BB1-B852-6A9F48FE547B}.Release|x86.ActiveCfg = Release|Any CPU
		{775D7441-C834-4BB1-B852-6A9F48FE547B}.Release|x86.Build.0 = Release|Any CPU
		{15B92122-DC51-41F9-8117-44511E9C9C38}.Debug|Any CPU.ActiveCfg = Debug|Any CPU
		{15B92122-DC51-41F9-8117-44511E9C9C38}.Debug|Any CPU.Build.0 = Debug|Any CPU
		{15B92122-DC51-41F9-8117-44511E9C9C38}.Debug|arm64.ActiveCfg = Debug|Any CPU
		{15B92122-DC51-41F9-8117-44511E9C9C38}.Debug|arm64.Build.0 = Debug|Any CPU
		{15B92122-DC51-41F9-8117-44511E9C9C38}.Debug|x64.ActiveCfg = Debug|Any CPU
		{15B92122-DC51-41F9-8117-44511E9C9C38}.Debug|x64.Build.0 = Debug|Any CPU
		{15B92122-DC51-41F9-8117-44511E9C9C38}.Debug|x86.ActiveCfg = Debug|Any CPU
		{15B92122-DC51-41F9-8117-44511E9C9C38}.Debug|x86.Build.0 = Debug|Any CPU
		{15B92122-DC51-41F9-8117-44511E9C9C38}.Release|Any CPU.ActiveCfg = Release|Any CPU
		{15B92122-DC51-41F9-8117-44511E9C9C38}.Release|Any CPU.Build.0 = Release|Any CPU
		{15B92122-DC51-41F9-8117-44511E9C9C38}.Release|arm64.ActiveCfg = Release|Any CPU
		{15B92122-DC51-41F9-8117-44511E9C9C38}.Release|arm64.Build.0 = Release|Any CPU
		{15B92122-DC51-41F9-8117-44511E9C9C38}.Release|x64.ActiveCfg = Release|Any CPU
		{15B92122-DC51-41F9-8117-44511E9C9C38}.Release|x64.Build.0 = Release|Any CPU
		{15B92122-DC51-41F9-8117-44511E9C9C38}.Release|x86.ActiveCfg = Release|Any CPU
		{15B92122-DC51-41F9-8117-44511E9C9C38}.Release|x86.Build.0 = Release|Any CPU
		{5C526909-D6AF-41C2-AC45-1570218EAE08}.Debug|Any CPU.ActiveCfg = Debug|Any CPU
		{5C526909-D6AF-41C2-AC45-1570218EAE08}.Debug|Any CPU.Build.0 = Debug|Any CPU
		{5C526909-D6AF-41C2-AC45-1570218EAE08}.Debug|arm64.ActiveCfg = Debug|Any CPU
		{5C526909-D6AF-41C2-AC45-1570218EAE08}.Debug|arm64.Build.0 = Debug|Any CPU
		{5C526909-D6AF-41C2-AC45-1570218EAE08}.Debug|x64.ActiveCfg = Debug|Any CPU
		{5C526909-D6AF-41C2-AC45-1570218EAE08}.Debug|x64.Build.0 = Debug|Any CPU
		{5C526909-D6AF-41C2-AC45-1570218EAE08}.Debug|x86.ActiveCfg = Debug|Any CPU
		{5C526909-D6AF-41C2-AC45-1570218EAE08}.Debug|x86.Build.0 = Debug|Any CPU
		{5C526909-D6AF-41C2-AC45-1570218EAE08}.Release|Any CPU.ActiveCfg = Release|Any CPU
		{5C526909-D6AF-41C2-AC45-1570218EAE08}.Release|Any CPU.Build.0 = Release|Any CPU
		{5C526909-D6AF-41C2-AC45-1570218EAE08}.Release|arm64.ActiveCfg = Release|Any CPU
		{5C526909-D6AF-41C2-AC45-1570218EAE08}.Release|arm64.Build.0 = Release|Any CPU
		{5C526909-D6AF-41C2-AC45-1570218EAE08}.Release|x64.ActiveCfg = Release|Any CPU
		{5C526909-D6AF-41C2-AC45-1570218EAE08}.Release|x64.Build.0 = Release|Any CPU
		{5C526909-D6AF-41C2-AC45-1570218EAE08}.Release|x86.ActiveCfg = Release|Any CPU
		{5C526909-D6AF-41C2-AC45-1570218EAE08}.Release|x86.Build.0 = Release|Any CPU
		{0B863DCB-5F36-42FE-BA7C-98070D46B8CA}.Debug|Any CPU.ActiveCfg = Debug|Any CPU
		{0B863DCB-5F36-42FE-BA7C-98070D46B8CA}.Debug|Any CPU.Build.0 = Debug|Any CPU
		{0B863DCB-5F36-42FE-BA7C-98070D46B8CA}.Debug|arm64.ActiveCfg = Debug|Any CPU
		{0B863DCB-5F36-42FE-BA7C-98070D46B8CA}.Debug|arm64.Build.0 = Debug|Any CPU
		{0B863DCB-5F36-42FE-BA7C-98070D46B8CA}.Debug|x64.ActiveCfg = Debug|Any CPU
		{0B863DCB-5F36-42FE-BA7C-98070D46B8CA}.Debug|x64.Build.0 = Debug|Any CPU
		{0B863DCB-5F36-42FE-BA7C-98070D46B8CA}.Debug|x86.ActiveCfg = Debug|Any CPU
		{0B863DCB-5F36-42FE-BA7C-98070D46B8CA}.Debug|x86.Build.0 = Debug|Any CPU
		{0B863DCB-5F36-42FE-BA7C-98070D46B8CA}.Release|Any CPU.ActiveCfg = Release|Any CPU
		{0B863DCB-5F36-42FE-BA7C-98070D46B8CA}.Release|Any CPU.Build.0 = Release|Any CPU
		{0B863DCB-5F36-42FE-BA7C-98070D46B8CA}.Release|arm64.ActiveCfg = Release|Any CPU
		{0B863DCB-5F36-42FE-BA7C-98070D46B8CA}.Release|arm64.Build.0 = Release|Any CPU
		{0B863DCB-5F36-42FE-BA7C-98070D46B8CA}.Release|x64.ActiveCfg = Release|Any CPU
		{0B863DCB-5F36-42FE-BA7C-98070D46B8CA}.Release|x64.Build.0 = Release|Any CPU
		{0B863DCB-5F36-42FE-BA7C-98070D46B8CA}.Release|x86.ActiveCfg = Release|Any CPU
		{0B863DCB-5F36-42FE-BA7C-98070D46B8CA}.Release|x86.Build.0 = Release|Any CPU
	EndGlobalSection
	GlobalSection(SolutionProperties) = preSolution
		HideSolutionNode = FALSE
	EndGlobalSection
	GlobalSection(NestedProjects) = preSolution
		{25722B99-E6E5-4E06-B3CC-747DCE30EFAB} = {ABC8DEB7-B4DD-40AE-912B-D1B3FA424800}
		{40499B51-556E-46A9-8784-163729D7BCC0} = {F8061ED0-149B-4C34-831D-FE28C47C2B52}
		{CFADF832-D221-4EA1-BE62-600401F3270F} = {F8061ED0-149B-4C34-831D-FE28C47C2B52}
		{8983AD33-DDC5-4656-B1F4-CBB927381197} = {D1667984-4DE5-474D-AD88-35FFD5D45AB6}
		{A781CF8F-4F29-4EFD-A07D-D7E4C0DF1FAA} = {D1667984-4DE5-474D-AD88-35FFD5D45AB6}
		{9A960109-44E3-43F4-899F-ACD446977518} = {8983AD33-DDC5-4656-B1F4-CBB927381197}
		{775D7441-C834-4BB1-B852-6A9F48FE547B} = {8983AD33-DDC5-4656-B1F4-CBB927381197}
		{15B92122-DC51-41F9-8117-44511E9C9C38} = {A781CF8F-4F29-4EFD-A07D-D7E4C0DF1FAA}
		{5C526909-D6AF-41C2-AC45-1570218EAE08} = {A781CF8F-4F29-4EFD-A07D-D7E4C0DF1FAA}
		{0B863DCB-5F36-42FE-BA7C-98070D46B8CA} = {A781CF8F-4F29-4EFD-A07D-D7E4C0DF1FAA}
	EndGlobalSection
	GlobalSection(ExtensibilityGlobals) = postSolution
		SolutionGuid = {F3CFC1C1-727C-4A21-83A1-2CA6AF6A970B}
	EndGlobalSection
EndGlobal
